
Microsoft Visual Studio Solution File, Format Version 12.00
# Visual Studio 14
VisualStudioVersion = 14.0.25420.1
MinimumVisualStudioVersion = 10.0.40219.1
Project("{2150E333-8FDC-42A3-9474-1A3956D46DE8}") = "1.App", "1.App", "{D108A11C-8A40-4396-8D93-D7DF23065016}"
EndProject
Project("{2150E333-8FDC-42A3-9474-1A3956D46DE8}") = "2.UI", "2.UI", "{A8ADF840-0960-48C3-A839-DB9FCDAFC6DA}"
EndProject
Project("{2150E333-8FDC-42A3-9474-1A3956D46DE8}") = "3.Test", "3.Test", "{BFA238BF-2277-4B65-91E1-1FF54FE8A1DB}"
EndProject
Project("{FAE04EC0-301F-11D3-BF4B-00C04F79EFBC}") = "Fixture.Domain", "src\App\Domain\Fixture.Domain.csproj", "{43962339-105B-4A81-B23A-C2AD5C7465AA}"
EndProject
Project("{FAE04EC0-301F-11D3-BF4B-00C04F79EFBC}") = "Fixture.Persistence", "src\App\Persistence\Fixture.Persistence.csproj", "{642D36B3-C9D2-4253-8C84-B0053FBFB080}"
EndProject
Project("{FAE04EC0-301F-11D3-BF4B-00C04F79EFBC}") = "Fixture.Persistence.Ado", "src\App\Persistence.Ado\Fixture.Persistence.Ado.csproj", "{67745846-08DD-4B45-BBF0-8F9D6A642655}"
EndProject
Project("{FAE04EC0-301F-11D3-BF4B-00C04F79EFBC}") = "Fixture.Services", "src\App\Services\Fixture.Services.csproj", "{356094FD-B01B-47E6-BBD7-CFD6C28CAD89}"
EndProject
Project("{FAE04EC0-301F-11D3-BF4B-00C04F79EFBC}") = "Fixture.ServicesImpl", "src\App\ServicesImpl\Fixture.ServicesImpl.csproj", "{8CCF6C91-3D2E-4A88-AE5E-0511E61CFD9F}"
EndProject
Project("{FAE04EC0-301F-11D3-BF4B-00C04F79EFBC}") = "API", "src\UI\API\API.csproj", "{C5FEA82D-970D-43C3-9A2C-1C0B30966D5A}"
EndProject
Project("{FAE04EC0-301F-11D3-BF4B-00C04F79EFBC}") = "Persistence.UnitTests", "src\Test\Persistence.UnitTests\Persistence.UnitTests.csproj", "{81847811-7D41-478C-82EE-031747CE0546}"
EndProject
Project("{2150E333-8FDC-42A3-9474-1A3956D46DE8}") = "0.Common", "0.Common", "{DB9CDBF8-E116-4F2B-B35A-3B736E8EFAC6}"
EndProject
Project("{FAE04EC0-301F-11D3-BF4B-00C04F79EFBC}") = "Common.Persistence", "src\Common\Common.Persistence\Common.Persistence.csproj", "{504AF4CC-1F37-45ED-92C1-A1448A5080EC}"
EndProject
Project("{FAE04EC0-301F-11D3-BF4B-00C04F79EFBC}") = "Common.Persistence.Ado", "src\Common\Common.Persistence.ADO\Common.Persistence.Ado.csproj", "{0611D262-B4B8-4DE0-9C2B-858440147ED5}"
EndProject
Global
	GlobalSection(SolutionConfigurationPlatforms) = preSolution
		Debug|Any CPU = Debug|Any CPU
		Release|Any CPU = Release|Any CPU
	EndGlobalSection
	GlobalSection(ProjectConfigurationPlatforms) = postSolution
		{43962339-105B-4A81-B23A-C2AD5C7465AA}.Debug|Any CPU.ActiveCfg = Debug|Any CPU
		{43962339-105B-4A81-B23A-C2AD5C7465AA}.Debug|Any CPU.Build.0 = Debug|Any CPU
		{43962339-105B-4A81-B23A-C2AD5C7465AA}.Release|Any CPU.ActiveCfg = Release|Any CPU
		{43962339-105B-4A81-B23A-C2AD5C7465AA}.Release|Any CPU.Build.0 = Release|Any CPU
		{642D36B3-C9D2-4253-8C84-B0053FBFB080}.Debug|Any CPU.ActiveCfg = Debug|Any CPU
		{642D36B3-C9D2-4253-8C84-B0053FBFB080}.Debug|Any CPU.Build.0 = Debug|Any CPU
		{642D36B3-C9D2-4253-8C84-B0053FBFB080}.Release|Any CPU.ActiveCfg = Release|Any CPU
		{642D36B3-C9D2-4253-8C84-B0053FBFB080}.Release|Any CPU.Build.0 = Release|Any CPU
		{67745846-08DD-4B45-BBF0-8F9D6A642655}.Debug|Any CPU.ActiveCfg = Debug|Any CPU
		{67745846-08DD-4B45-BBF0-8F9D6A642655}.Debug|Any CPU.Build.0 = Debug|Any CPU
		{67745846-08DD-4B45-BBF0-8F9D6A642655}.Release|Any CPU.ActiveCfg = Release|Any CPU
		{67745846-08DD-4B45-BBF0-8F9D6A642655}.Release|Any CPU.Build.0 = Release|Any CPU
		{356094FD-B01B-47E6-BBD7-CFD6C28CAD89}.Debug|Any CPU.ActiveCfg = Debug|Any CPU
		{356094FD-B01B-47E6-BBD7-CFD6C28CAD89}.Debug|Any CPU.Build.0 = Debug|Any CPU
		{356094FD-B01B-47E6-BBD7-CFD6C28CAD89}.Release|Any CPU.ActiveCfg = Release|Any CPU
		{356094FD-B01B-47E6-BBD7-CFD6C28CAD89}.Release|Any CPU.Build.0 = Release|Any CPU
		{8CCF6C91-3D2E-4A88-AE5E-0511E61CFD9F}.Debug|Any CPU.ActiveCfg = Debug|Any CPU
		{8CCF6C91-3D2E-4A88-AE5E-0511E61CFD9F}.Debug|Any CPU.Build.0 = Debug|Any CPU
		{8CCF6C91-3D2E-4A88-AE5E-0511E61CFD9F}.Release|Any CPU.ActiveCfg = Release|Any CPU
		{8CCF6C91-3D2E-4A88-AE5E-0511E61CFD9F}.Release|Any CPU.Build.0 = Release|Any CPU
		{C5FEA82D-970D-43C3-9A2C-1C0B30966D5A}.Debug|Any CPU.ActiveCfg = Debug|Any CPU
		{C5FEA82D-970D-43C3-9A2C-1C0B30966D5A}.Debug|Any CPU.Build.0 = Debug|Any CPU
		{C5FEA82D-970D-43C3-9A2C-1C0B30966D5A}.Release|Any CPU.ActiveCfg = Release|Any CPU
		{C5FEA82D-970D-43C3-9A2C-1C0B30966D5A}.Release|Any CPU.Build.0 = Release|Any CPU
		{81847811-7D41-478C-82EE-031747CE0546}.Debug|Any CPU.ActiveCfg = Debug|Any CPU
		{81847811-7D41-478C-82EE-031747CE0546}.Debug|Any CPU.Build.0 = Debug|Any CPU
		{81847811-7D41-478C-82EE-031747CE0546}.Release|Any CPU.ActiveCfg = Release|Any CPU
		{81847811-7D41-478C-82EE-031747CE0546}.Release|Any CPU.Build.0 = Release|Any CPU
		{504AF4CC-1F37-45ED-92C1-A1448A5080EC}.Debug|Any CPU.ActiveCfg = Debug|Any CPU
		{504AF4CC-1F37-45ED-92C1-A1448A5080EC}.Debug|Any CPU.Build.0 = Debug|Any CPU
		{504AF4CC-1F37-45ED-92C1-A1448A5080EC}.Release|Any CPU.ActiveCfg = Release|Any CPU
		{504AF4CC-1F37-45ED-92C1-A1448A5080EC}.Release|Any CPU.Build.0 = Release|Any CPU
		{0611D262-B4B8-4DE0-9C2B-858440147ED5}.Debug|Any CPU.ActiveCfg = Debug|Any CPU
		{0611D262-B4B8-4DE0-9C2B-858440147ED5}.Debug|Any CPU.Build.0 = Debug|Any CPU
		{0611D262-B4B8-4DE0-9C2B-858440147ED5}.Release|Any CPU.ActiveCfg = Release|Any CPU
		{0611D262-B4B8-4DE0-9C2B-858440147ED5}.Release|Any CPU.Build.0 = Release|Any CPU
	EndGlobalSection
	GlobalSection(SolutionProperties) = preSolution
		HideSolutionNode = FALSE
	EndGlobalSection
	GlobalSection(NestedProjects) = preSolution
		{43962339-105B-4A81-B23A-C2AD5C7465AA} = {D108A11C-8A40-4396-8D93-D7DF23065016}
		{642D36B3-C9D2-4253-8C84-B0053FBFB080} = {D108A11C-8A40-4396-8D93-D7DF23065016}
		{67745846-08DD-4B45-BBF0-8F9D6A642655} = {D108A11C-8A40-4396-8D93-D7DF23065016}
		{356094FD-B01B-47E6-BBD7-CFD6C28CAD89} = {D108A11C-8A40-4396-8D93-D7DF23065016}
		{8CCF6C91-3D2E-4A88-AE5E-0511E61CFD9F} = {D108A11C-8A40-4396-8D93-D7DF23065016}
		{C5FEA82D-970D-43C3-9A2C-1C0B30966D5A} = {A8ADF840-0960-48C3-A839-DB9FCDAFC6DA}
		{81847811-7D41-478C-82EE-031747CE0546} = {BFA238BF-2277-4B65-91E1-1FF54FE8A1DB}
		{504AF4CC-1F37-45ED-92C1-A1448A5080EC} = {DB9CDBF8-E116-4F2B-B35A-3B736E8EFAC6}
		{0611D262-B4B8-4DE0-9C2B-858440147ED5} = {DB9CDBF8-E116-4F2B-B35A-3B736E8EFAC6}
	EndGlobalSection
EndGlobal
